# This file is automatically @generated by Cargo.
# It is not intended for manual editing.
version = 4

[[package]]
name = "base64"
version = "0.1.1"
source = "registry+https://github.com/rust-lang/crates.io-index"
checksum = "a51012ca17f843e723dedc71fdd7feac9d8b53be85492aa9232b2da59ce6bb3b"

[[package]]
name = "rand_core"
version = "0.1.0"
source = "registry+https://github.com/rust-lang/crates.io-index"
checksum = "0224284424a4b818387b58d59336c288f99b48f69681aa60cc681fe038bbca5d"

[[package]]
name = "single_package"
version = "0.1.0"
dependencies = [
 "base64",
 "rand_core",
 "unicode-ident",
]

[[package]]
name = "unicode-ident"
version = "1.0.14"
source = "registry+https://github.com/rust-lang/crates.io-index"
checksum = "adb9e6ca4f869e1180728b7950e35922a7fc6397f7b641499e8f3ef06e50dc83"
