# This file is automatically @generated by Cargo.
# It is not intended for manual editing.
version = 4

[[package]]
name = "base64"
version = "0.1.1"
source = "registry+https://github.com/rust-lang/crates.io-index"
checksum = "a51012ca17f843e723dedc71fdd7feac9d8b53be85492aa9232b2da59ce6bb3b"

[[package]]
name = "base64"
version = "0.3.1"
source = "registry+https://github.com/rust-lang/crates.io-index"
checksum = "33678aec1839cd59fbb29a90950baa95fc4a5464711a7858f5ba68dbc3d3eab2"
dependencies = [
 "byteorder",
]

[[package]]
name = "byteorder"
version = "1.5.0"
source = "registry+https://github.com/rust-lang/crates.io-index"
checksum = "1fd0f2584146f6f2ef48085050886acf353beff7305ebd1ae69500e27c67f64b"

[[package]]
name = "first-package"
version = "0.1.0"
dependencies = [
 "base64 0.1.1",
 "unicode-ident",
]

[[package]]
name = "multiple-packages"
version = "0.1.0"
dependencies = [
 "base64 0.3.1",
 "rand_core",
 "unicode-ident",
]

[[package]]
name = "rand_core"
version = "0.1.0"
source = "registry+https://github.com/rust-lang/crates.io-index"
checksum = "0224284424a4b818387b58d59336c288f99b48f69681aa60cc681fe038bbca5d"

[[package]]
name = "second-package"
version = "0.1.0"
dependencies = [
 "base64 0.1.1",
 "unicode-ident",
]

[[package]]
name = "unicode-ident"
version = "1.0.14"
source = "registry+https://github.com/rust-lang/crates.io-index"
checksum = "adb9e6ca4f869e1180728b7950e35922a7fc6397f7b641499e8f3ef06e50dc83"
